<?xml version="1.0" encoding="utf-8"?>
<Project ToolsVersion="4.0" xmlns="http://schemas.microsoft.com/developer/msbuild/2003">
  <ItemGroup>
    <ClCompile Include="PokemonEngine.cpp" />
    <ClCompile Include="TitleLevel.cpp">
      <Filter>Level</Filter>
    </ClCompile>
    <ClCompile Include="Bag.cpp">
      <Filter>UI</Filter>
    </ClCompile>
    <ClCompile Include="UITestLevel.cpp">
      <Filter>UI</Filter>
    </ClCompile>
    <ClCompile Include="PokemonMenu.cpp">
      <Filter>UI</Filter>
    </ClCompile>
    <ClCompile Include="PokemonInfoManager.cpp">
      <Filter>Manager</Filter>
    </ClCompile>
    <ClCompile Include="PokemonInfo.cpp">
      <Filter>Global</Filter>
    </ClCompile>
    <ClCompile Include="ItemInfo.cpp">
      <Filter>Global</Filter>
    </ClCompile>
    <ClCompile Include="PokemonSkillInfo.cpp">
      <Filter>Global</Filter>
    </ClCompile>
    <ClCompile Include="WorldMapBackground.cpp">
      <Filter>WorldMap</Filter>
    </ClCompile>
    <ClCompile Include="TitleBackground.cpp">
      <Filter>Level</Filter>
    </ClCompile>
    <ClCompile Include="BattleBackground.cpp">
      <Filter>Battle</Filter>
    </ClCompile>
    <ClCompile Include="BattleLevel.cpp">
      <Filter>Battle</Filter>
    </ClCompile>
    <ClCompile Include="BattleInterface.cpp">
      <Filter>Battle</Filter>
    </ClCompile>
    <ClCompile Include="BattleEngine.cpp">
      <Filter>Battle</Filter>
    </ClCompile>
    <ClCompile Include="Potion.cpp">
      <Filter>UI\Item</Filter>
    </ClCompile>
    <ClCompile Include="MonsterBall.cpp">
      <Filter>UI\Item</Filter>
    </ClCompile>
    <ClCompile Include="PlayerRedState.cpp" />
    <ClCompile Include="PlayerRedState.cpp" />
    <ClCompile Include="WorldTileMap1.cpp">
      <Filter>WorldMap</Filter>
    </ClCompile>
    <ClCompile Include="PokemonTileMap.cpp">
      <Filter>WorldMap\TileMap\Base</Filter>
    </ClCompile>
    <ClCompile Include="RoomTileMap1.cpp">
      <Filter>WorldMap\TileMap</Filter>
    </ClCompile>
    <ClCompile Include="RoomTileMap2.cpp">
      <Filter>WorldMap\TileMap</Filter>
    </ClCompile>
    <ClCompile Include="WorldTileMap1.cpp">
      <Filter>WorldMap\TileMap</Filter>
    </ClCompile>
    <ClCompile Include="Pokemon.cpp">
      <Filter>Global</Filter>
    </ClCompile>
    <ClCompile Include="BattleUnitRenderer.cpp">
      <Filter>Battle</Filter>
    </ClCompile>
    <ClCompile Include="BagTestLevel.cpp">
      <Filter>UI</Filter>
    </ClCompile>
    <ClCompile Include="RoomTileMap3.cpp">
      <Filter>WorldMap\TileMap</Filter>
    </ClCompile>
    <ClCompile Include="RoomTileMap4.cpp">
      <Filter>WorldMap\TileMap</Filter>
    </ClCompile>
    <ClCompile Include="RoomTileMap5.cpp">
      <Filter>WorldMap\TileMap</Filter>
    </ClCompile>
    <ClCompile Include="RoomTileMap6.cpp">
      <Filter>WorldMap\TileMap</Filter>
    </ClCompile>
    <ClCompile Include="NPC4.cpp">
      <Filter>NPC</Filter>
    </ClCompile>
    <ClCompile Include="BattleNPCInterface.cpp">
      <Filter>NPC</Filter>
    </ClCompile>
    <ClCompile Include="BattleTestNPC1.cpp">
      <Filter>NPC</Filter>
    </ClCompile>
    <ClCompile Include="Tackle.cpp">
      <Filter>Battle\Skill</Filter>
    </ClCompile>
    <ClCompile Include="NPCBase.cpp">
      <Filter>NPC</Filter>
    </ClCompile>
    <ClCompile Include="Flower.cpp">
      <Filter>WorldMap</Filter>
    </ClCompile>
    <ClCompile Include="PlayerRed.cpp">
      <Filter>Player</Filter>
    </ClCompile>
    <ClCompile Include="PlayerRedState.cpp">
      <Filter>Player</Filter>
    </ClCompile>
    <ClCompile Include="WildPokemonNPC.cpp">
      <Filter>NPC</Filter>
    </ClCompile>
    <ClCompile Include="RoomTileMap7.cpp">
      <Filter>WorldMap\TileMap</Filter>
    </ClCompile>
    <ClCompile Include="RoomTileMap8.cpp">
      <Filter>WorldMap\TileMap</Filter>
    </ClCompile>
    <ClCompile Include="Bush.cpp">
      <Filter>WorldMap</Filter>
    </ClCompile>
    <ClCompile Include="ShopChoiceOption.cpp">
      <Filter>WorldMap\UI</Filter>
    </ClCompile>
    <ClCompile Include="CenterChoiceOption.cpp">
      <Filter>WorldMap\UI</Filter>
    </ClCompile>
    <ClCompile Include="Item.cpp">
      <Filter>Global</Filter>
    </ClCompile>
    <ClCompile Include="PokemonSkill.cpp">
      <Filter>Global</Filter>
    </ClCompile>
    <ClCompile Include="TestActor.cpp">
      <Filter>UI</Filter>
    </ClCompile>
    <ClCompile Include="WorldTileMap2.cpp">
      <Filter>WorldMap\TileMap</Filter>
    </ClCompile>
    <ClCompile Include="PokemonSummaryMenu.cpp">
      <Filter>UI</Filter>
    </ClCompile>
    <ClCompile Include="WorldTileMap3.cpp">
      <Filter>WorldMap\TileMap</Filter>
    </ClCompile>
    <ClCompile Include="NPC7.cpp">
      <Filter>NPC</Filter>
    </ClCompile>
    <ClCompile Include="FadeActor.cpp">
      <Filter>Global</Filter>
    </ClCompile>
    <ClCompile Include="NPC6.cpp">
      <Filter>NPC</Filter>
    </ClCompile>
    <ClCompile Include="PlayerTileCheck.cpp">
      <Filter>Player</Filter>
    </ClCompile>
    <ClCompile Include="WorldMapSoundManager.cpp">
      <Filter>WorldMap</Filter>
    </ClCompile>
    <ClCompile Include="RegionUI.cpp">
      <Filter>WorldMap\UI</Filter>
    </ClCompile>
    <ClCompile Include="InteractionText.cpp">
      <Filter>WorldMap\UI</Filter>
    </ClCompile>
    <ClCompile Include="MenuUI.cpp">
      <Filter>UI</Filter>
    </ClCompile>
    <ClCompile Include="NPC5.cpp">
      <Filter>NPC</Filter>
    </ClCompile>
    <ClCompile Include="WorldMapLevel.cpp">
      <Filter>Level</Filter>
    </ClCompile>
    <ClCompile Include="Shop.cpp">
      <Filter>UI</Filter>
    </ClCompile>
    <ClCompile Include="GymTileMap.cpp">
      <Filter>WorldMap\TileMap</Filter>
    </ClCompile>
    <ClCompile Include="NPCBrock.cpp">
      <Filter>NPC</Filter>
    </ClCompile>
    <ClCompile Include="Oak.cpp">
      <Filter>NPC</Filter>
    </ClCompile>
  </ItemGroup>
  <ItemGroup>
    <ClInclude Include="PokemonEngine.h" />
    <ClInclude Include="TitleLevel.h">
      <Filter>Level</Filter>
    </ClInclude>
    <ClInclude Include="Bag.h">
      <Filter>UI</Filter>
    </ClInclude>
    <ClInclude Include="UITestLevel.h">
      <Filter>UI</Filter>
    </ClInclude>
    <ClInclude Include="PokemonMenu.h">
      <Filter>UI</Filter>
    </ClInclude>
    <ClInclude Include="ContentEnum.h">
      <Filter>Global</Filter>
    </ClInclude>
    <ClInclude Include="PokemonInfoManager.h">
      <Filter>Manager</Filter>
    </ClInclude>
    <ClInclude Include="PokemonInfo.h">
      <Filter>Global</Filter>
    </ClInclude>
    <ClInclude Include="ItemInfo.h">
      <Filter>Global</Filter>
    </ClInclude>
    <ClInclude Include="PokemonSkillInfo.h">
      <Filter>Global</Filter>
    </ClInclude>
    <ClInclude Include="WorldMapBackground.h">
      <Filter>WorldMap</Filter>
    </ClInclude>
    <ClInclude Include="TitleBackground.h">
      <Filter>Level</Filter>
    </ClInclude>
    <ClInclude Include="BattleBackground.h">
      <Filter>Battle</Filter>
    </ClInclude>
    <ClInclude Include="BattleLevel.h">
      <Filter>Battle</Filter>
    </ClInclude>
    <ClInclude Include="BattleInterface.h">
      <Filter>Battle</Filter>
    </ClInclude>
    <ClInclude Include="BattleEngine.h">
      <Filter>Battle</Filter>
    </ClInclude>
    <ClInclude Include="Potion.h">
      <Filter>UI\Item</Filter>
    </ClInclude>
    <ClInclude Include="MonsterBall.h">
      <Filter>UI\Item</Filter>
    </ClInclude>
    <ClInclude Include="WorldTileMap1.h">
      <Filter>WorldMap</Filter>
    </ClInclude>
    <ClInclude Include="PokemonTileMap.h">
      <Filter>WorldMap\TileMap\Base</Filter>
    </ClInclude>
    <ClInclude Include="RoomTileMap1.h">
      <Filter>WorldMap\TileMap</Filter>
    </ClInclude>
    <ClInclude Include="RoomTileMap2.h">
      <Filter>WorldMap\TileMap</Filter>
    </ClInclude>
    <ClInclude Include="WorldTileMap1.h">
      <Filter>WorldMap\TileMap</Filter>
    </ClInclude>
    <ClInclude Include="BattleEnum.h">
      <Filter>Battle</Filter>
    </ClInclude>
    <ClInclude Include="BagTestLevel.h">
      <Filter>UI</Filter>
    </ClInclude>
    <ClInclude Include="RoomTileMap3.h">
      <Filter>WorldMap\TileMap</Filter>
    </ClInclude>
    <ClInclude Include="RoomTileMap4.h">
      <Filter>WorldMap\TileMap</Filter>
    </ClInclude>
    <ClInclude Include="RoomTileMap5.h">
      <Filter>WorldMap\TileMap</Filter>
    </ClInclude>
    <ClInclude Include="RoomTileMap6.h">
      <Filter>WorldMap\TileMap</Filter>
    </ClInclude>
    <ClInclude Include="NPC4.h">
      <Filter>NPC</Filter>
    </ClInclude>
    <ClInclude Include="BattleNPCInterface.h">
      <Filter>NPC</Filter>
    </ClInclude>
    <ClInclude Include="BattleTestNPC1.h">
      <Filter>NPC</Filter>
    </ClInclude>
    <ClInclude Include="Tackle.h">
      <Filter>Battle\Skill</Filter>
    </ClInclude>
    <ClInclude Include="NPCBase.h">
      <Filter>NPC</Filter>
    </ClInclude>
    <ClInclude Include="Flower.h">
      <Filter>WorldMap</Filter>
    </ClInclude>
    <ClInclude Include="PlayerRed.h">
      <Filter>Player</Filter>
    </ClInclude>
    <ClInclude Include="Pokemon.h">
      <Filter>Global</Filter>
    </ClInclude>
    <ClInclude Include="UIEnum.h">
      <Filter>Global</Filter>
    </ClInclude>
    <ClInclude Include="WildPokemonNPC.h">
      <Filter>NPC</Filter>
    </ClInclude>
    <ClInclude Include="RoomTileMap7.h">
      <Filter>WorldMap\TileMap</Filter>
    </ClInclude>
    <ClInclude Include="RoomTileMap8.h">
      <Filter>WorldMap\TileMap</Filter>
    </ClInclude>
    <ClInclude Include="Bush.h">
      <Filter>WorldMap</Filter>
    </ClInclude>
    <ClInclude Include="ShopChoiceOption.h">
      <Filter>WorldMap\UI</Filter>
    </ClInclude>
    <ClInclude Include="CenterChoiceOption.h">
      <Filter>WorldMap\UI</Filter>
    </ClInclude>
    <ClInclude Include="Item.h">
      <Filter>Global</Filter>
    </ClInclude>
    <ClInclude Include="PokemonSkill.h">
      <Filter>Global</Filter>
    </ClInclude>
    <ClInclude Include="TestActor.h">
      <Filter>UI</Filter>
    </ClInclude>
    <ClInclude Include="WorldTileMap2.h">
      <Filter>WorldMap\TileMap</Filter>
    </ClInclude>
    <ClInclude Include="PokemonSummaryMenu.h">
      <Filter>UI</Filter>
    </ClInclude>
    <ClInclude Include="WorldTileMap3.h">
      <Filter>WorldMap\TileMap</Filter>
    </ClInclude>
    <ClInclude Include="NPC7.h">
      <Filter>NPC</Filter>
    </ClInclude>
    <ClInclude Include="FadeActor.h">
      <Filter>Global</Filter>
    </ClInclude>
    <ClInclude Include="NPC6.h">
      <Filter>NPC</Filter>
    </ClInclude>
    <ClInclude Include="WorldMapSoundManager.h">
      <Filter>WorldMap</Filter>
    </ClInclude>
    <ClInclude Include="RegionUI.h">
      <Filter>WorldMap\UI</Filter>
    </ClInclude>
    <ClInclude Include="InteractionText.h">
      <Filter>WorldMap\UI</Filter>
    </ClInclude>
    <ClInclude Include="MenuUI.h">
      <Filter>UI</Filter>
    </ClInclude>
    <ClInclude Include="NPC5.h">
      <Filter>NPC</Filter>
    </ClInclude>
    <ClInclude Include="WorldMapLevel.h">
      <Filter>Level</Filter>
    </ClInclude>
    <ClInclude Include="Shop.h">
      <Filter>UI</Filter>
    </ClInclude>
    <ClInclude Include="GymTileMap.h">
      <Filter>WorldMap\TileMap</Filter>
    </ClInclude>
    <ClInclude Include="NPCBrock.h">
      <Filter>NPC</Filter>
    </ClInclude>
    <ClInclude Include="BattleUnitRenderer.h">
      <Filter>Battle</Filter>
    </ClInclude>
    <ClInclude Include="Oak.h">
      <Filter>NPC</Filter>
    </ClInclude>
  </ItemGroup>
  <ItemGroup>
    <Filter Include="Level">
      <UniqueIdentifier>{af34cef3-90ac-42c0-900b-5e518bc891b6}</UniqueIdentifier>
    </Filter>
    <Filter Include="Manager">
      <UniqueIdentifier>{ff7cbee0-024f-43ba-97c4-96c516318f39}</UniqueIdentifier>
    </Filter>
    <Filter Include="UI">
      <UniqueIdentifier>{594d67e0-fb8c-410d-9fbf-e8215cb13704}</UniqueIdentifier>
    </Filter>
    <Filter Include="WorldMap">
      <UniqueIdentifier>{dd173667-69e0-43c3-a02a-195762faa323}</UniqueIdentifier>
    </Filter>
    <Filter Include="Battle">
      <UniqueIdentifier>{2826af0c-7c2e-4f2a-b4b8-3c8fcbf4c38f}</UniqueIdentifier>
    </Filter>
    <Filter Include="Global">
      <UniqueIdentifier>{e85c6594-5431-4b86-878a-5ad361660bb3}</UniqueIdentifier>
    </Filter>
    <Filter Include="UI\Item">
      <UniqueIdentifier>{21f0c16f-8281-4f3d-a865-09acf02914fd}</UniqueIdentifier>
    </Filter>
    <Filter Include="WorldMap\TileMap">
      <UniqueIdentifier>{3e57aee8-ddb6-4cdf-abf0-050d2545142d}</UniqueIdentifier>
    </Filter>
    <Filter Include="WorldMap\TileMap\Base">
      <UniqueIdentifier>{0e063a61-ecff-4cac-921d-6054f0319a62}</UniqueIdentifier>
    </Filter>
    <Filter Include="Battle\Skill">
      <UniqueIdentifier>{c721bc5a-4542-48d6-a2be-bc721581844c}</UniqueIdentifier>
    </Filter>
    <Filter Include="Player">
      <UniqueIdentifier>{f926ead9-5592-4656-ab47-65ada2e6c63a}</UniqueIdentifier>
    </Filter>
    <Filter Include="WorldMap\UI">
      <UniqueIdentifier>{b3b1a769-900c-4746-87ba-1ec67e9e5604}</UniqueIdentifier>
    </Filter>
    <Filter Include="NPC">
      <UniqueIdentifier>{e7be6c1a-1008-4b43-b5e6-bf71997e81d5}</UniqueIdentifier>
    </Filter>
  </ItemGroup>
</Project>