<?xml version="1.0" encoding="utf-8"?>
<Project ToolsVersion="4.0" xmlns="http://schemas.microsoft.com/developer/msbuild/2003">
  <ItemGroup>
    <ClCompile Include="PokemonEngine.cpp" />
    <ClCompile Include="TitleLevel.cpp">
      <Filter>Level</Filter>
    </ClCompile>
    <ClCompile Include="PokemonInfoManager.cpp">
      <Filter>Manager</Filter>
    </ClCompile>
    <ClCompile Include="Bag.cpp">
      <Filter>UI</Filter>
    </ClCompile>
    <ClCompile Include="PokemonMenu.cpp" />
    <ClCompile Include="UITestLevel.cpp" />
    <ClCompile Include="WorldMapLevel.cpp">
      <Filter>Level</Filter>
    </ClCompile>
    <ClCompile Include="WorldMapBackground.cpp">
      <Filter>WorldMap</Filter>
    </ClCompile>
  </ItemGroup>
  <ItemGroup>
    <ClInclude Include="PokemonEngine.h" />
    <ClInclude Include="TitleLevel.h">
      <Filter>Level</Filter>
    </ClInclude>
    <ClInclude Include="PokemonInfoManager.h">
      <Filter>Manager</Filter>
    </ClInclude>
    <ClInclude Include="Bag.h">
      <Filter>UI</Filter>
    </ClInclude>
    <ClInclude Include="PokemonMenu.h" />
    <ClInclude Include="UITestLevel.h" />
    <ClInclude Include="WorldMapLevel.h">
      <Filter>Level</Filter>
    </ClInclude>
    <ClInclude Include="WorldMapBackground.h">
      <Filter>WorldMap</Filter>
    </ClInclude>
  </ItemGroup>
  <ItemGroup>
    <Filter Include="Level">
      <UniqueIdentifier>{af34cef3-90ac-42c0-900b-5e518bc891b6}</UniqueIdentifier>
    </Filter>
    <Filter Include="Manager">
      <UniqueIdentifier>{ff7cbee0-024f-43ba-97c4-96c516318f39}</UniqueIdentifier>
    </Filter>
    <Filter Include="UI">
      <UniqueIdentifier>{594d67e0-fb8c-410d-9fbf-e8215cb13704}</UniqueIdentifier>
    </Filter>
    <Filter Include="WorldMap">
      <UniqueIdentifier>{dd173667-69e0-43c3-a02a-195762faa323}</UniqueIdentifier>
    </Filter>
    <Filter Include="Battle">
      <UniqueIdentifier>{2826af0c-7c2e-4f2a-b4b8-3c8fcbf4c38f}</UniqueIdentifier>
    </Filter>
  </ItemGroup>
</Project>